
Microsoft Visual Studio Solution File, Format Version 12.00
# Visual Studio Version 16
VisualStudioVersion = 16.0.29609.76
MinimumVisualStudioVersion = 10.0.40219.1
Project("{FAE04EC0-301F-11D3-BF4B-00C04F79EFBC}") = "API", "API\API.csproj", "{FC0F54B2-1290-47E7-BEF2-4D70C1C3BDDE}"
EndProject
Global
	GlobalSection(SolutionConfigurationPlatforms) = preSolution
		Debug|Any CPU = Debug|Any CPU
		Release|Any CPU = Release|Any CPU
	EndGlobalSection
	GlobalSection(ProjectConfigurationPlatforms) = postSolution
		{FC0F54B2-1290-47E7-BEF2-4D70C1C3BDDE}.Debug|Any CPU.ActiveCfg = Debug|Any CPU
		{FC0F54B2-1290-47E7-BEF2-4D70C1C3BDDE}.Debug|Any CPU.Build.0 = Debug|Any CPU
		{FC0F54B2-1290-47E7-BEF2-4D70C1C3BDDE}.Release|Any CPU.ActiveCfg = Release|Any CPU
		{FC0F54B2-1290-47E7-BEF2-4D70C1C3BDDE}.Release|Any CPU.Build.0 = Release|Any CPU
	EndGlobalSection
	GlobalSection(SolutionProperties) = preSolution
		HideSolutionNode = FALSE
	EndGlobalSection
	GlobalSection(ExtensibilityGlobals) = postSolution
		SolutionGuid = {7E2440DE-EB79-4342-BD8D-625435D08751}
	EndGlobalSection
EndGlobal
